// !$*UTF8*$!
{
	archiveVersion = 1;
	classes = {
	};
	objectVersion = 56;
	objects = {

/* Begin PBXBuildFile section */
		AA00020000000000000000FE2 /* CoreLocation.framework in Frameworks */ = {isa = PBXBuildFile; fileRef = AA00010000000000000000FE2 /* CoreLocation.framework */; };
		AA00020000000000000000FF /* HomeView.swift in Sources */ = {isa = PBXBuildFile; fileRef = AA00010000000000000000FF /* HomeView.swift */; };
		AA00020000000000000000FF1 /* CrownBeesAppApp.swift in Sources */ = {isa = PBXBuildFile; fileRef = AA00010000000000000000FF1 /* CrownBeesAppApp.swift */; };
		AA00020000000000000000FF2 /* ContentView.swift in Sources */ = {isa = PBXBuildFile; fileRef = AA00010000000000000000FF2 /* ContentView.swift */; };
		AA00020000000000000000FF3 /* User.swift in Sources */ = {isa = PBXBuildFile; fileRef = AA00010000000000000000FF3 /* User.swift */; };
		AA00020000000000000000FF4 /* JournalEntry.swift in Sources */ = {isa = PBXBuildFile; fileRef = AA00010000000000000000FF4 /* JournalEntry.swift */; };
		AA00020000000000000000FF5 /* WeatherData.swift in Sources */ = {isa = PBXBuildFile; fileRef = AA00010000000000000000FF5 /* WeatherData.swift */; };
		CBEE0002BBBBBBBBBBBBBBBB /* BeeSeasonalAdvisor.swift in Sources */ = {isa = PBXBuildFile; fileRef = CBEE0001BBBBBBBBBBBBBBBB /* BeeSeasonalAdvisor.swift */; };
		AA00020000000000000000FF6 /* AppConstants.swift in Sources */ = {isa = PBXBuildFile; fileRef = AA00010000000000000000FF6 /* AppConstants.swift */; };
		AA00020000000000000000FF7 /* AuthService.swift in Sources */ = {isa = PBXBuildFile; fileRef = AA00010000000000000000FF7 /* AuthService.swift */; };
		AA00020000000000000000FF8 /* WeatherService.swift in Sources */ = {isa = PBXBuildFile; fileRef = AA00010000000000000000FF8 /* WeatherService.swift */; };
		AA00020000000000000000FF9 /* StorageService.swift in Sources */ = {isa = PBXBuildFile; fileRef = AA00010000000000000000FF9 /* StorageService.swift */; };
		AA00020000000000000000FFA /* LoginView.swift in Sources */ = {isa = PBXBuildFile; fileRef = AA00010000000000000000FFA /* LoginView.swift */; };
		AA00020000000000000000FFB /* RegisterView.swift in Sources */ = {isa = PBXBuildFile; fileRef = AA00010000000000000000FFB /* RegisterView.swift */; };
		AA00020000000000000000FFE /* MainAppView.swift in Sources */ = {isa = PBXBuildFile; fileRef = AA00010000000000000000FFE /* MainAppView.swift */; };
		AA00020000000000000000FFF /* FloatingTabBar.swift in Sources */ = {isa = PBXBuildFile; fileRef = AA00010000000000000000FFF /* FloatingTabBar.swift */; };
		AB00020000000000000001AA /* GlassInputField.swift in Sources */ = {isa = PBXBuildFile; fileRef = AB00010000000000000001AA /* GlassInputField.swift */; };
		AB00020000000000000001AB /* SwipeToDeleteRow.swift in Sources */ = {isa = PBXBuildFile; fileRef = AB00010000000000000001AB /* SwipeToDeleteRow.swift */; };
		AA00020000000000000001F0 /* WeatherView.swift in Sources */ = {isa = PBXBuildFile; fileRef = AA00010000000000000001F0 /* WeatherView.swift */; };
		AA00020000000000000001F1 /* JournalView.swift in Sources */ = {isa = PBXBuildFile; fileRef = AA00010000000000000001F1 /* JournalView.swift */; };
		AA00020000000000000001F2 /* ReleaseLogView.swift in Sources */ = {isa = PBXBuildFile; fileRef = AA00010000000000000001F2 /* ReleaseLogView.swift */; };
		AA00020000000000000001F3 /* HarvestLogView.swift in Sources */ = {isa = PBXBuildFile; fileRef = AA00010000000000000001F3 /* HarvestLogView.swift */; };
		AA00020000000000000001F4 /* PestLogView.swift in Sources */ = {isa = PBXBuildFile; fileRef = AA00010000000000000001F4 /* PestLogView.swift */; };
		AA00020000000000000001F5 /* ResourcesView.swift in Sources */ = {isa = PBXBuildFile; fileRef = AA00010000000000000001F5 /* ResourcesView.swift */; };
		AA00020000000000000001F7 /* Assets.xcassets in Resources */ = {isa = PBXBuildFile; fileRef = AA00010000000000000001F7 /* Assets.xcassets */; };
/* End PBXBuildFile section */

/* Begin PBXFileReference section */
		AA00010000000000000000FE2 /* CoreLocation.framework */ = {isa = PBXFileReference; lastKnownFileType = wrapper.framework; name = CoreLocation.framework; path = System/Library/Frameworks/CoreLocation.framework; sourceTree = SDKROOT; };
		AA00010000000000000000FF /* HomeView.swift */ = {isa = PBXFileReference; lastKnownFileType = sourcecode.swift; path = HomeView.swift; sourceTree = "<group>"; };
		AA00010000000000000000FF1 /* CrownBeesAppApp.swift */ = {isa = PBXFileReference; lastKnownFileType = sourcecode.swift; path = CrownBeesAppApp.swift; sourceTree = "<group>"; };
		AA00010000000000000000FF2 /* ContentView.swift */ = {isa = PBXFileReference; lastKnownFileType = sourcecode.swift; path = ContentView.swift; sourceTree = "<group>"; };
		AA00010000000000000000FF3 /* User.swift */ = {isa = PBXFileReference; lastKnownFileType = sourcecode.swift; path = User.swift; sourceTree = "<group>"; };
		AA00010000000000000000FF4 /* JournalEntry.swift */ = {isa = PBXFileReference; lastKnownFileType = sourcecode.swift; path = JournalEntry.swift; sourceTree = "<group>"; };
		AA00010000000000000000FF5 /* WeatherData.swift */ = {isa = PBXFileReference; lastKnownFileType = sourcecode.swift; path = WeatherData.swift; sourceTree = "<group>"; };
		CBEE0001BBBBBBBBBBBBBBBB /* BeeSeasonalAdvisor.swift */ = {isa = PBXFileReference; lastKnownFileType = sourcecode.swift; path = BeeSeasonalAdvisor.swift; sourceTree = "<group>"; };
		AA00010000000000000000FF6 /* AppConstants.swift */ = {isa = PBXFileReference; lastKnownFileType = sourcecode.swift; path = AppConstants.swift; sourceTree = "<group>"; };
		AA00010000000000000000FF7 /* AuthService.swift */ = {isa = PBXFileReference; lastKnownFileType = sourcecode.swift; path = AuthService.swift; sourceTree = "<group>"; };
		AA00010000000000000000FF8 /* WeatherService.swift */ = {isa = PBXFileReference; lastKnownFileType = sourcecode.swift; path = WeatherService.swift; sourceTree = "<group>"; };
		AA00010000000000000000FF9 /* StorageService.swift */ = {isa = PBXFileReference; lastKnownFileType = sourcecode.swift; path = StorageService.swift; sourceTree = "<group>"; };
		AA00010000000000000000FFA /* LoginView.swift */ = {isa = PBXFileReference; lastKnownFileType = sourcecode.swift; path = LoginView.swift; sourceTree = "<group>"; };
		AA00010000000000000000FFB /* RegisterView.swift */ = {isa = PBXFileReference; lastKnownFileType = sourcecode.swift; path = RegisterView.swift; sourceTree = "<group>"; };
		AA00010000000000000000FFE /* MainAppView.swift */ = {isa = PBXFileReference; lastKnownFileType = sourcecode.swift; path = MainAppView.swift; sourceTree = "<group>"; };
		AA00010000000000000000FFF /* FloatingTabBar.swift */ = {isa = PBXFileReference; lastKnownFileType = sourcecode.swift; path = FloatingTabBar.swift; sourceTree = "<group>"; };
		AB00010000000000000001AA /* GlassInputField.swift */ = {isa = PBXFileReference; lastKnownFileType = sourcecode.swift; path = GlassInputField.swift; sourceTree = "<group>"; };
		AB00010000000000000001AB /* SwipeToDeleteRow.swift */ = {isa = PBXFileReference; lastKnownFileType = sourcecode.swift; path = SwipeToDeleteRow.swift; sourceTree = "<group>"; };
		AA00010000000000000001F0 /* WeatherView.swift */ = {isa = PBXFileReference; lastKnownFileType = sourcecode.swift; path = WeatherView.swift; sourceTree = "<group>"; };
		AA00010000000000000001F1 /* JournalView.swift */ = {isa = PBXFileReference; lastKnownFileType = sourcecode.swift; path = JournalView.swift; sourceTree = "<group>"; };
		AA00010000000000000001F2 /* ReleaseLogView.swift */ = {isa = PBXFileReference; lastKnownFileType = sourcecode.swift; path = ReleaseLogView.swift; sourceTree = "<group>"; };
		AA00010000000000000001F3 /* HarvestLogView.swift */ = {isa = PBXFileReference; lastKnownFileType = sourcecode.swift; path = HarvestLogView.swift; sourceTree = "<group>"; };
		AA00010000000000000001F4 /* PestLogView.swift */ = {isa = PBXFileReference; lastKnownFileType = sourcecode.swift; path = PestLogView.swift; sourceTree = "<group>"; };
		AA00010000000000000001F5 /* ResourcesView.swift */ = {isa = PBXFileReference; lastKnownFileType = sourcecode.swift; path = ResourcesView.swift; sourceTree = "<group>"; };
		AA00010000000000000001F6 /* Info.plist */ = {isa = PBXFileReference; lastKnownFileType = text.plist.xml; path = Info.plist; sourceTree = "<group>"; };
		AA00010000000000000001F7 /* Assets.xcassets */ = {isa = PBXFileReference; lastKnownFileType = folder.assetcatalog; path = Assets.xcassets; sourceTree = "<group>"; };
		AA0009000000000000000AF1 /* CrownBeesApp.app */ = {isa = PBXFileReference; explicitFileType = wrapper.application; includeInIndex = 0; path = CrownBeesApp.app; sourceTree = BUILT_PRODUCTS_DIR; };
/* End PBXFileReference section */

/* Begin PBXFrameworksBuildPhase section */
		AA00050000000000000000F3 /* Frameworks */ = {
			isa = PBXFrameworksBuildPhase;
			buildActionMask = 2147483647;
			files = (
				AA00020000000000000000FE2 /* CoreLocation.framework in Frameworks */,
			);
			runOnlyForDeploymentPostprocessing = 0;
		};
/* End PBXFrameworksBuildPhase section */

/* Begin PBXGroup section */
		1F5496A42F9455330088B721 /* Recovered References */ = {
			isa = PBXGroup;
			children = (
				AA00010000000000000000FE2 /* CoreLocation.framework */,
			);
			name = "Recovered References";
			sourceTree = "<group>";
		};
		AA00040000000000000000F1 = {
			isa = PBXGroup;
			children = (
				AA00040000000000000000F2 /* CrownBeesApp */,
				AA00040000000000000001F4 /* Products */,
				1F5496A42F9455330088B721 /* Recovered References */,
			);
			sourceTree = "<group>";
		};
		AA00040000000000000000F2 /* CrownBeesApp */ = {
			isa = PBXGroup;
			children = (
				AA00010000000000000000FF1 /* CrownBeesAppApp.swift */,
				AA00010000000000000000FF2 /* ContentView.swift */,
				AA00040000000000000000F3 /* Models */,
				AA00040000000000000000F4 /* Views */,
				AA00040000000000000001F1 /* Services */,
				AA00040000000000000001F2 /* Constants */,
				AA00010000000000000001F7 /* Assets.xcassets */,
				AA00010000000000000001F6 /* Info.plist */,
			);
			path = CrownBeesApp;
			sourceTree = "<group>";
		};
		AA00040000000000000000F3 /* Models */ = {
			isa = PBXGroup;
			children = (
				AA00010000000000000000FF3 /* User.swift */,
				AA00010000000000000000FF4 /* JournalEntry.swift */,
				CBEE0001BBBBBBBBBBBBBBBB /* BeeSeasonalAdvisor.swift */,
				AA00010000000000000000FF5 /* WeatherData.swift */,
			);
			path = Models;
			sourceTree = "<group>";
		};
		AA00040000000000000000F4 /* Views */ = {
			isa = PBXGroup;
			children = (
				AA00040000000000000000F5 /* Auth */,
				AA00040000000000000000F6 /* Home */,
				AA00040000000000000000F7 /* Weather */,
				AA00040000000000000000F8 /* Journal */,
				AA00040000000000000000F9 /* Resources */,
				AA00040000000000000000FA /* Components */,
			);
			path = Views;
			sourceTree = "<group>";
		};
		AA00040000000000000000F5 /* Auth */ = {
			isa = PBXGroup;
			children = (
				AA00010000000000000000FFA /* LoginView.swift */,
				AA00010000000000000000FFB /* RegisterView.swift */,
			);
			path = Auth;
			sourceTree = "<group>";
		};
		AA00040000000000000000F6 /* Home */ = {
			isa = PBXGroup;
			children = (
				AA00010000000000000000FF /* HomeView.swift */,
			);
			path = Home;
			sourceTree = "<group>";
		};
		AA00040000000000000000F7 /* Weather */ = {
			isa = PBXGroup;
			children = (
				AA00010000000000000001F0 /* WeatherView.swift */,
			);
			path = Weather;
			sourceTree = "<group>";
		};
		AA00040000000000000000F8 /* Journal */ = {
			isa = PBXGroup;
			children = (
				AA00010000000000000001F1 /* JournalView.swift */,
				AA00010000000000000001F2 /* ReleaseLogView.swift */,
				AA00010000000000000001F3 /* HarvestLogView.swift */,
				AA00010000000000000001F4 /* PestLogView.swift */,
			);
			path = Journal;
			sourceTree = "<group>";
		};
		AA00040000000000000000F9 /* Resources */ = {
			isa = PBXGroup;
			children = (
				AA00010000000000000001F5 /* ResourcesView.swift */,
			);
			path = Resources;
			sourceTree = "<group>";
		};
		AA00040000000000000000FA /* Components */ = {
			isa = PBXGroup;
			children = (
				AA00010000000000000000FFE /* MainAppView.swift */,
				AA00010000000000000000FFF /* FloatingTabBar.swift */,
				AB00010000000000000001AB /* SwipeToDeleteRow.swift */,
				AB00010000000000000001AA /* GlassInputField.swift */,
			);
			path = Components;
			sourceTree = "<group>";
		};
		AA00040000000000000001F1 /* Services */ = {
			isa = PBXGroup;
			children = (
				AA00010000000000000000FF7 /* AuthService.swift */,
				AA00010000000000000000FF8 /* WeatherService.swift */,
				AA00010000000000000000FF9 /* StorageService.swift */,
			);
			path = Services;
			sourceTree = "<group>";
		};
		AA00040000000000000001F2 /* Constants */ = {
			isa = PBXGroup;
			children = (
				AA00010000000000000000FF6 /* AppConstants.swift */,
			);
			path = Constants;
			sourceTree = "<group>";
		};
		AA00040000000000000001F4 /* Products */ = {
			isa = PBXGroup;
			children = (
				AA0009000000000000000AF1 /* CrownBeesApp.app */,
			);
			name = Products;
			sourceTree = "<group>";
		};
/* End PBXGroup section */

/* Begin PBXNativeTarget section */
		AA00090000000000000000F1 /* CrownBeesApp */ = {
			isa = PBXNativeTarget;
			buildConfigurationList = AA00070000000000000000F2 /* Build configuration list for PBXNativeTarget "CrownBeesApp" */;
			buildPhases = (
				AA00050000000000000000F1 /* Sources */,
				AA00050000000000000000F3 /* Frameworks */,
				AA00050000000000000000F2 /* Resources */,
			);
			buildRules = (
			);
			dependencies = (
			);
			name = CrownBeesApp;
			productName = CrownBeesApp;
			productReference = AA0009000000000000000AF1 /* CrownBeesApp.app */;
			productType = "com.apple.product-type.application";
		};
/* End PBXNativeTarget section */

/* Begin PBXProject section */
		AA00080000000000000000F1 /* Project object */ = {
			isa = PBXProject;
			attributes = {
				BuildIndependentTargetsInParallel = 1;
				LastSwiftUpdateCheck = 1500;
				LastUpgradeCheck = 1500;
				TargetAttributes = {
					AA00090000000000000000F1 = {
						CreatedOnToolsVersion = 15.0;
					};
				};
			};
			buildConfigurationList = AA00070000000000000000F1 /* Build configuration list for PBXProject "CrownBeesApp" */;
			compatibilityVersion = "Xcode 14.0";
			developmentRegion = en;
			hasScannedForEncodings = 0;
			knownRegions = (
				en,
				Base,
			);
			mainGroup = AA00040000000000000000F1;
			productRefGroup = AA00040000000000000001F4 /* Products */;
			projectDirPath = "";
			projectRoot = "";
			targets = (
				AA00090000000000000000F1 /* CrownBeesApp */,
			);
		};
/* End PBXProject section */

/* Begin PBXResourcesBuildPhase section */
		AA00050000000000000000F2 /* Resources */ = {
			isa = PBXResourcesBuildPhase;
			buildActionMask = 2147483647;
			files = (
				AA00020000000000000001F7 /* Assets.xcassets in Resources */,
			);
			runOnlyForDeploymentPostprocessing = 0;
		};
/* End PBXResourcesBuildPhase section */

/* Begin PBXSourcesBuildPhase section */
		AA00050000000000000000F1 /* Sources */ = {
			isa = PBXSourcesBuildPhase;
			buildActionMask = 2147483647;
			files = (
				AA00020000000000000000FF1 /* CrownBeesAppApp.swift in Sources */,
				AA00020000000000000000FF2 /* ContentView.swift in Sources */,
				AA00020000000000000000FF3 /* User.swift in Sources */,
				AA00020000000000000000FF4 /* JournalEntry.swift in Sources */,
				CBEE0002BBBBBBBBBBBBBBBB /* BeeSeasonalAdvisor.swift in Sources */,
				AA00020000000000000000FF5 /* WeatherData.swift in Sources */,
				AA00020000000000000000FF6 /* AppConstants.swift in Sources */,
				AA00020000000000000000FF7 /* AuthService.swift in Sources */,
				AA00020000000000000000FF8 /* WeatherService.swift in Sources */,
				AA00020000000000000000FF9 /* StorageService.swift in Sources */,
				AA00020000000000000000FFA /* LoginView.swift in Sources */,
				AA00020000000000000000FFB /* RegisterView.swift in Sources */,
				AA00020000000000000000FFE /* MainAppView.swift in Sources */,
				AA00020000000000000000FFF /* FloatingTabBar.swift in Sources */,
				AB00020000000000000001AB /* SwipeToDeleteRow.swift in Sources */,
				AB00020000000000000001AA /* GlassInputField.swift in Sources */,
				AA00020000000000000000FF /* HomeView.swift in Sources */,
				AA00020000000000000001F0 /* WeatherView.swift in Sources */,
				AA00020000000000000001F1 /* JournalView.swift in Sources */,
				AA00020000000000000001F2 /* ReleaseLogView.swift in Sources */,
				AA00020000000000000001F3 /* HarvestLogView.swift in Sources */,
				AA00020000000000000001F4 /* PestLogView.swift in Sources */,
				AA00020000000000000001F5 /* ResourcesView.swift in Sources */,
			);
			runOnlyForDeploymentPostprocessing = 0;
		};
/* End PBXSourcesBuildPhase section */

/* Begin XCBuildConfiguration section */
		AA00060000000000000000F1 /* Debug */ = {
			isa = XCBuildConfiguration;
			buildSettings = {
				ALWAYS_SEARCH_USER_PATHS = NO;
				ASSET_CATALOG_COMPILER_OPTIMIZATION = space;
				CLANG_ANALYZER_NONNULL = YES;
				CLANG_ANALYZER_NUMBER_OBJECT_CONVERSION = YES_AGGRESSIVE;
				CLANG_CXX_LANGUAGE_STANDARD = "gnu++20";
				CLANG_ENABLE_MODULES = YES;
				CLANG_ENABLE_OBJC_ARC = YES;
				CLANG_ENABLE_OBJC_WEAK = YES;
				CLANG_WARN_BLOCK_CAPTURE_AUTORELEASING = YES;
				CLANG_WARN_BOOL_CONVERSION = YES;
				CLANG_WARN_COMMA = YES;
				CLANG_WARN_CONSTANT_CONVERSION = YES;
				CLANG_WARN_DEPRECATED_OBJC_IMPLEMENTATIONS = YES;
				CLANG_WARN_DIRECT_OBJC_ISA_USAGE = YES_ERROR;
				CLANG_WARN_DOCUMENTATION_COMMENTS = YES;
				CLANG_WARN_EMPTY_BODY = YES;
				CLANG_WARN_ENUM_CONVERSION = YES;
				CLANG_WARN_INFINITE_RECURSION = YES;
				CLANG_WARN_INT_CONVERSION = YES;
				CLANG_WARN_NON_LITERAL_NULL_CONVERSION = YES;
				CLANG_WARN_OBJC_IMPLICIT_RETAIN_SELF = YES;
				CLANG_WARN_OBJC_LITERAL_CONVERSION = YES;
				CLANG_WARN_OBJC_ROOT_CLASS = YES_ERROR;
				CLANG_WARN_QUOTED_INCLUDE_IN_FRAMEWORK_HEADER = YES;
				CLANG_WARN_RANGE_LOOP_ANALYSIS = YES;
				CLANG_WARN_STRICT_PROTOTYPES = YES;
				CLANG_WARN_SUSPICIOUS_MOVE = YES;
				CLANG_WARN_UNGUARDED_AVAILABILITY = YES_AGGRESSIVE;
				CLANG_WARN_UNREACHABLE_CODE = YES;
				CLANG_WARN__DUPLICATE_METHOD_MATCH = YES;
				COPY_PHASE_STRIP = NO;
				DEBUG_INFORMATION_FORMAT = dwarf;
				ENABLE_STRICT_OBJC_MSGSEND = YES;
				ENABLE_TESTABILITY = YES;
				ENABLE_USER_SCRIPT_SANDBOXING = YES;
				GCC_C_LANGUAGE_STANDARD = gnu17;
				GCC_DYNAMIC_NO_PIC = NO;
				GCC_NO_COMMON_BLOCKS = YES;
				GCC_OPTIMIZATION_LEVEL = 0;
				GCC_PREPROCESSOR_DEFINITIONS = (
					"DEBUG=1",
					"$(inherited)",
				);
				GCC_WARN_64_TO_32_BIT_CONVERSION = YES;
				GCC_WARN_ABOUT_RETURN_TYPE = YES_ERROR;
				GCC_WARN_UNDECLARED_SELECTOR = YES;
				GCC_WARN_UNINITIALIZED_AUTOS = YES_AGGRESSIVE;
				GCC_WARN_UNUSED_FUNCTION = YES;
				GCC_WARN_UNUSED_VARIABLE = YES;
				IPHONEOS_DEPLOYMENT_TARGET = 26.0;
				MTL_ENABLE_DEBUG_INFO = INCLUDE_SOURCE;
				MTL_FAST_MATH = YES;
				ONLY_ACTIVE_ARCH = YES;
				SDKROOT = iphoneos;
				SWIFT_ACTIVE_COMPILATION_CONDITIONS = DEBUG;
				SWIFT_OPTIMIZATION_LEVEL = "-Onone";
			};
			name = Debug;
		};
		AA00060000000000000000F2 /* Release */ = {
			isa = XCBuildConfiguration;
			buildSettings = {
				ALWAYS_SEARCH_USER_PATHS = NO;
				ASSET_CATALOG_COMPILER_OPTIMIZATION = space;
				CLANG_ANALYZER_NONNULL = YES;
				CLANG_ANALYZER_NUMBER_OBJECT_CONVERSION = YES_AGGRESSIVE;
				CLANG_CXX_LANGUAGE_STANDARD = "gnu++20";
				CLANG_ENABLE_MODULES = YES;
				CLANG_ENABLE_OBJC_ARC = YES;
				CLANG_ENABLE_OBJC_WEAK = YES;
				CLANG_WARN_BLOCK_CAPTURE_AUTORELEASING = YES;
				CLANG_WARN_BOOL_CONVERSION = YES;
				CLANG_WARN_COMMA = YES;
				CLANG_WARN_CONSTANT_CONVERSION = YES;
				CLANG_WARN_DEPRECATED_OBJC_IMPLEMENTATIONS = YES;
				CLANG_WARN_DIRECT_OBJC_ISA_USAGE = YES_ERROR;
				CLANG_WARN_DOCUMENTATION_COMMENTS = YES;
				CLANG_WARN_EMPTY_BODY = YES;
				CLANG_WARN_ENUM_CONVERSION = YES;
				CLANG_WARN_INFINITE_RECURSION = YES;
				CLANG_WARN_INT_CONVERSION = YES;
				CLANG_WARN_NON_LITERAL_NULL_CONVERSION = YES;
				CLANG_WARN_OBJC_IMPLICIT_RETAIN_SELF = YES;
				CLANG_WARN_OBJC_LITERAL_CONVERSION = YES;
				CLANG_WARN_OBJC_ROOT_CLASS = YES_ERROR;
				CLANG_WARN_QUOTED_INCLUDE_IN_FRAMEWORK_HEADER = YES;
				CLANG_WARN_RANGE_LOOP_ANALYSIS = YES;
				CLANG_WARN_STRICT_PROTOTYPES = YES;
				CLANG_WARN_SUSPICIOUS_MOVE = YES;
				CLANG_WARN_UNGUARDED_AVAILABILITY = YES_AGGRESSIVE;
				CLANG_WARN_UNREACHABLE_CODE = YES;
				CLANG_WARN__DUPLICATE_METHOD_MATCH = YES;
				COPY_PHASE_STRIP = NO;
				DEBUG_INFORMATION_FORMAT = "dwarf-with-dsym";
				ENABLE_NS_ASSERTIONS = NO;
				ENABLE_STRICT_OBJC_MSGSEND = YES;
				ENABLE_USER_SCRIPT_SANDBOXING = YES;
				GCC_C_LANGUAGE_STANDARD = gnu17;
				GCC_NO_COMMON_BLOCKS = YES;
				GCC_WARN_64_TO_32_BIT_CONVERSION = YES;
				GCC_WARN_ABOUT_RETURN_TYPE = YES_ERROR;
				GCC_WARN_UNDECLARED_SELECTOR = YES;
				GCC_WARN_UNINITIALIZED_AUTOS = YES_AGGRESSIVE;
				GCC_WARN_UNUSED_FUNCTION = YES;
				GCC_WARN_UNUSED_VARIABLE = YES;
				IPHONEOS_DEPLOYMENT_TARGET = 26.0;
				MTL_FAST_MATH = YES;
				SDKROOT = iphoneos;
				SWIFT_COMPILATION_MODE = wholemodule;
				SWIFT_OPTIMIZATION_LEVEL = "-O";
				VALIDATE_PRODUCT = YES;
			};
			name = Release;
		};
		AA00060000000000000000F3 /* Debug */ = {
			isa = XCBuildConfiguration;
			buildSettings = {
				ASSETCATALOG_COMPILER_APPICON_NAME = AppIcon;
				ASSET_CATALOG_COMPILER_GLOBAL_ACCENT_COLOR_NAME = AccentColor;
				ASSETCATALOG_COMPILER_APPICON_NAME = AppIcon;
				CODE_SIGN_ENTITLEMENTS = CrownBeesApp/CrownBeesApp.entitlements;
				CODE_SIGN_STYLE = Automatic;
				CURRENT_PROJECT_VERSION = 1;
				DEVELOPMENT_TEAM = FP95L29GU7;
				ENABLE_PREVIEWS = YES;
				GENERATE_INFOPLIST_FILE = NO;
				INFOPLIST_FILE = CrownBeesApp/Info.plist;
				IPHONEOS_DEPLOYMENT_TARGET = 26.0;
				MARKETING_VERSION = 1.0;
				PRODUCT_BUNDLE_IDENTIFIER = com.crownbees.CrownBeesApp;
				PRODUCT_NAME = "$(TARGET_NAME)";
				SDKROOT = iphoneos;
				SUPPORTED_PLATFORMS = "iphonesimulator iphoneos";
				SWIFT_EMIT_LOC_STRINGS = YES;
				SWIFT_VERSION = 5.0;
				TARGETED_DEVICE_FAMILY = "1,2";
			};
			name = Debug;
		};
		AA00060000000000000000F4 /* Release */ = {
			isa = XCBuildConfiguration;
			buildSettings = {
				ASSETCATALOG_COMPILER_APPICON_NAME = AppIcon;
				ASSET_CATALOG_COMPILER_GLOBAL_ACCENT_COLOR_NAME = AccentColor;
				CODE_SIGN_ENTITLEMENTS = CrownBeesApp/CrownBeesApp.entitlements;
				CODE_SIGN_STYLE = Automatic;
				CURRENT_PROJECT_VERSION = 1;
				DEVELOPMENT_TEAM = FP95L29GU7;
				ENABLE_PREVIEWS = YES;
				GENERATE_INFOPLIST_FILE = NO;
				INFOPLIST_FILE = CrownBeesApp/Info.plist;
				IPHONEOS_DEPLOYMENT_TARGET = 26.0;
				MARKETING_VERSION = 1.0;
				PRODUCT_BUNDLE_IDENTIFIER = com.crownbees.CrownBeesApp;
				PRODUCT_NAME = "$(TARGET_NAME)";
				SDKROOT = iphoneos;
				SUPPORTED_PLATFORMS = "iphonesimulator iphoneos";
				SWIFT_EMIT_LOC_STRINGS = YES;
				SWIFT_VERSION = 5.0;
				TARGETED_DEVICE_FAMILY = "1,2";
			};
			name = Release;
		};
/* End XCBuildConfiguration section */

/* Begin XCConfigurationList section */
		AA00070000000000000000F1 /* Build configuration list for PBXProject "CrownBeesApp" */ = {
			isa = XCConfigurationList;
			buildConfigurations = (
				AA00060000000000000000F1 /* Debug */,
				AA00060000000000000000F2 /* Release */,
			);
			defaultConfigurationIsVisible = 0;
			defaultConfigurationName = Release;
		};
		AA00070000000000000000F2 /* Build configuration list for PBXNativeTarget "CrownBeesApp" */ = {
			isa = XCConfigurationList;
			buildConfigurations = (
				AA00060000000000000000F3 /* Debug */,
				AA00060000000000000000F4 /* Release */,
			);
			defaultConfigurationIsVisible = 0;
			defaultConfigurationName = Release;
		};
/* End XCConfigurationList section */
	};
	rootObject = AA00080000000000000000F1 /* Project object */;
}
