// !$*UTF8*$!
{
	archiveVersion = 1;
	classes = {
	};
	objectVersion = 56;
	objects = {

/* Begin PBXBuildFile section */
		AA000200000000000000001 /* CrownBeesAppApp.swift in Sources */ = {isa = PBXBuildFile; fileRef = AA000100000000000000001 /* CrownBeesAppApp.swift */; };
		AA000200000000000000002 /* ContentView.swift in Sources */ = {isa = PBXBuildFile; fileRef = AA000100000000000000002 /* ContentView.swift */; };
		AA000200000000000000003 /* User.swift in Sources */ = {isa = PBXBuildFile; fileRef = AA000100000000000000003 /* User.swift */; };
		AA000200000000000000004 /* JournalEntry.swift in Sources */ = {isa = PBXBuildFile; fileRef = AA000100000000000000004 /* JournalEntry.swift */; };
		AA000200000000000000005 /* WeatherData.swift in Sources */ = {isa = PBXBuildFile; fileRef = AA000100000000000000005 /* WeatherData.swift */; };
		AA000200000000000000006 /* AppConstants.swift in Sources */ = {isa = PBXBuildFile; fileRef = AA000100000000000000006 /* AppConstants.swift */; };
		AA000200000000000000007 /* AuthService.swift in Sources */ = {isa = PBXBuildFile; fileRef = AA000100000000000000007 /* AuthService.swift */; };
		AA000200000000000000008 /* WeatherService.swift in Sources */ = {isa = PBXBuildFile; fileRef = AA000100000000000000008 /* WeatherService.swift */; };
		AA000200000000000000009 /* StorageService.swift in Sources */ = {isa = PBXBuildFile; fileRef = AA000100000000000000009 /* StorageService.swift */; };
		AA00020000000000000000A /* LoginView.swift in Sources */ = {isa = PBXBuildFile; fileRef = AA00010000000000000000A /* LoginView.swift */; };
		AA00020000000000000000B /* RegisterView.swift in Sources */ = {isa = PBXBuildFile; fileRef = AA00010000000000000000B /* RegisterView.swift */; };
		AA00020000000000000000C /* SideMenuView.swift in Sources */ = {isa = PBXBuildFile; fileRef = AA00010000000000000000C /* SideMenuView.swift */; };
		AA00020000000000000000D /* MenuButton.swift in Sources */ = {isa = PBXBuildFile; fileRef = AA00010000000000000000D /* MenuButton.swift */; };
		AA00020000000000000000E /* MainAppView.swift in Sources */ = {isa = PBXBuildFile; fileRef = AA00010000000000000000E /* MainAppView.swift */; };
		AA00020000000000000000F /* HomeView.swift in Sources */ = {isa = PBXBuildFile; fileRef = AA00010000000000000000F /* HomeView.swift */; };
		AA000200000000000000010 /* WeatherView.swift in Sources */ = {isa = PBXBuildFile; fileRef = AA000100000000000000010 /* WeatherView.swift */; };
		AA000200000000000000011 /* JournalView.swift in Sources */ = {isa = PBXBuildFile; fileRef = AA000100000000000000011 /* JournalView.swift */; };
		AA000200000000000000012 /* ReleaseLogView.swift in Sources */ = {isa = PBXBuildFile; fileRef = AA000100000000000000012 /* ReleaseLogView.swift */; };
		AA000200000000000000013 /* HarvestLogView.swift in Sources */ = {isa = PBXBuildFile; fileRef = AA000100000000000000013 /* HarvestLogView.swift */; };
		AA000200000000000000014 /* PestLogView.swift in Sources */ = {isa = PBXBuildFile; fileRef = AA000100000000000000014 /* PestLogView.swift */; };
		AA000200000000000000015 /* ResourcesView.swift in Sources */ = {isa = PBXBuildFile; fileRef = AA000100000000000000015 /* ResourcesView.swift */; };
		AA000200000000000000017 /* Assets.xcassets in Resources */ = {isa = PBXBuildFile; fileRef = AA000100000000000000017 /* Assets.xcassets */; };
/* End PBXBuildFile section */

/* Begin PBXFileReference section */
		AA000100000000000000001 /* CrownBeesAppApp.swift */ = {isa = PBXFileReference; lastKnownFileType = sourcecode.swift; path = CrownBeesAppApp.swift; sourceTree = "<group>"; };
		AA000100000000000000002 /* ContentView.swift */ = {isa = PBXFileReference; lastKnownFileType = sourcecode.swift; path = ContentView.swift; sourceTree = "<group>"; };
		AA000100000000000000003 /* User.swift */ = {isa = PBXFileReference; lastKnownFileType = sourcecode.swift; path = User.swift; sourceTree = "<group>"; };
		AA000100000000000000004 /* JournalEntry.swift */ = {isa = PBXFileReference; lastKnownFileType = sourcecode.swift; path = JournalEntry.swift; sourceTree = "<group>"; };
		AA000100000000000000005 /* WeatherData.swift */ = {isa = PBXFileReference; lastKnownFileType = sourcecode.swift; path = WeatherData.swift; sourceTree = "<group>"; };
		AA000100000000000000006 /* AppConstants.swift */ = {isa = PBXFileReference; lastKnownFileType = sourcecode.swift; path = AppConstants.swift; sourceTree = "<group>"; };
		AA000100000000000000007 /* AuthService.swift */ = {isa = PBXFileReference; lastKnownFileType = sourcecode.swift; path = AuthService.swift; sourceTree = "<group>"; };
		AA000100000000000000008 /* WeatherService.swift */ = {isa = PBXFileReference; lastKnownFileType = sourcecode.swift; path = WeatherService.swift; sourceTree = "<group>"; };
		AA000100000000000000009 /* StorageService.swift */ = {isa = PBXFileReference; lastKnownFileType = sourcecode.swift; path = StorageService.swift; sourceTree = "<group>"; };
		AA00010000000000000000A /* LoginView.swift */ = {isa = PBXFileReference; lastKnownFileType = sourcecode.swift; path = LoginView.swift; sourceTree = "<group>"; };
		AA00010000000000000000B /* RegisterView.swift */ = {isa = PBXFileReference; lastKnownFileType = sourcecode.swift; path = RegisterView.swift; sourceTree = "<group>"; };
		AA00010000000000000000C /* SideMenuView.swift */ = {isa = PBXFileReference; lastKnownFileType = sourcecode.swift; path = SideMenuView.swift; sourceTree = "<group>"; };
		AA00010000000000000000D /* MenuButton.swift */ = {isa = PBXFileReference; lastKnownFileType = sourcecode.swift; path = MenuButton.swift; sourceTree = "<group>"; };
		AA00010000000000000000E /* MainAppView.swift */ = {isa = PBXFileReference; lastKnownFileType = sourcecode.swift; path = MainAppView.swift; sourceTree = "<group>"; };
		AA00010000000000000000F /* HomeView.swift */ = {isa = PBXFileReference; lastKnownFileType = sourcecode.swift; path = HomeView.swift; sourceTree = "<group>"; };
		AA000100000000000000010 /* WeatherView.swift */ = {isa = PBXFileReference; lastKnownFileType = sourcecode.swift; path = WeatherView.swift; sourceTree = "<group>"; };
		AA000100000000000000011 /* JournalView.swift */ = {isa = PBXFileReference; lastKnownFileType = sourcecode.swift; path = JournalView.swift; sourceTree = "<group>"; };
		AA000100000000000000012 /* ReleaseLogView.swift */ = {isa = PBXFileReference; lastKnownFileType = sourcecode.swift; path = ReleaseLogView.swift; sourceTree = "<group>"; };
		AA000100000000000000013 /* HarvestLogView.swift */ = {isa = PBXFileReference; lastKnownFileType = sourcecode.swift; path = HarvestLogView.swift; sourceTree = "<group>"; };
		AA000100000000000000014 /* PestLogView.swift */ = {isa = PBXFileReference; lastKnownFileType = sourcecode.swift; path = PestLogView.swift; sourceTree = "<group>"; };
		AA000100000000000000015 /* ResourcesView.swift */ = {isa = PBXFileReference; lastKnownFileType = sourcecode.swift; path = ResourcesView.swift; sourceTree = "<group>"; };
		AA000100000000000000016 /* Info.plist */ = {isa = PBXFileReference; lastKnownFileType = text.plist.xml; path = Info.plist; sourceTree = "<group>"; };
		AA000100000000000000017 /* Assets.xcassets */ = {isa = PBXFileReference; lastKnownFileType = folder.assetcatalog; path = Assets.xcassets; sourceTree = "<group>"; };
		AA0009000000000000000A1 /* CrownBeesApp.app */ = {isa = PBXFileReference; explicitFileType = wrapper.application; includeInIndex = 0; path = CrownBeesApp.app; sourceTree = BUILT_PRODUCTS_DIR; };
/* End PBXFileReference section */

/* Begin PBXFrameworksBuildPhase section */
		AA000500000000000000003 /* Frameworks */ = {
			isa = PBXFrameworksBuildPhase;
			buildActionMask = 2147483647;
			files = (
			);
			runOnlyForDeploymentPostprocessing = 0;
		};
/* End PBXFrameworksBuildPhase section */

/* Begin PBXGroup section */
		AA000400000000000000001 /* Root */ = {
			isa = PBXGroup;
			children = (
				AA000400000000000000002 /* CrownBeesApp */,
				AA000400000000000000014 /* Products */,
			);
			sourceTree = "<group>";
		};
		AA000400000000000000002 /* CrownBeesApp */ = {
			isa = PBXGroup;
			children = (
				AA000100000000000000001 /* CrownBeesAppApp.swift */,
				AA000100000000000000002 /* ContentView.swift */,
				AA000400000000000000003 /* Models */,
				AA000400000000000000004 /* Views */,
				AA000400000000000000011 /* Services */,
				AA000400000000000000012 /* Constants */,
				AA000100000000000000017 /* Assets.xcassets */,
				AA000100000000000000016 /* Info.plist */,
			);
			path = CrownBeesApp;
			sourceTree = "<group>";
		};
		AA000400000000000000003 /* Models */ = {
			isa = PBXGroup;
			children = (
				AA000100000000000000003 /* User.swift */,
				AA000100000000000000004 /* JournalEntry.swift */,
				AA000100000000000000005 /* WeatherData.swift */,
			);
			path = Models;
			sourceTree = "<group>";
		};
		AA000400000000000000004 /* Views */ = {
			isa = PBXGroup;
			children = (
				AA000400000000000000005 /* Auth */,
				AA000400000000000000006 /* Home */,
				AA000400000000000000007 /* Weather */,
				AA000400000000000000008 /* Journal */,
				AA000400000000000000009 /* Resources */,
				AA00040000000000000000A /* Components */,
			);
			path = Views;
			sourceTree = "<group>";
		};
		AA000400000000000000005 /* Auth */ = {
			isa = PBXGroup;
			children = (
				AA00010000000000000000A /* LoginView.swift */,
				AA00010000000000000000B /* RegisterView.swift */,
			);
			path = Auth;
			sourceTree = "<group>";
		};
		AA000400000000000000006 /* Home */ = {
			isa = PBXGroup;
			children = (
				AA00010000000000000000F /* HomeView.swift */,
			);
			path = Home;
			sourceTree = "<group>";
		};
		AA000400000000000000007 /* Weather */ = {
			isa = PBXGroup;
			children = (
				AA000100000000000000010 /* WeatherView.swift */,
			);
			path = Weather;
			sourceTree = "<group>";
		};
		AA000400000000000000008 /* Journal */ = {
			isa = PBXGroup;
			children = (
				AA000100000000000000011 /* JournalView.swift */,
				AA000100000000000000012 /* ReleaseLogView.swift */,
				AA000100000000000000013 /* HarvestLogView.swift */,
				AA000100000000000000014 /* PestLogView.swift */,
			);
			path = Journal;
			sourceTree = "<group>";
		};
		AA000400000000000000009 /* Resources */ = {
			isa = PBXGroup;
			children = (
				AA000100000000000000015 /* ResourcesView.swift */,
			);
			path = Resources;
			sourceTree = "<group>";
		};
		AA00040000000000000000A /* Components */ = {
			isa = PBXGroup;
			children = (
				AA00010000000000000000C /* SideMenuView.swift */,
				AA00010000000000000000D /* MenuButton.swift */,
				AA00010000000000000000E /* MainAppView.swift */,
			);
			path = Components;
			sourceTree = "<group>";
		};
		AA000400000000000000011 /* Services */ = {
			isa = PBXGroup;
			children = (
				AA000100000000000000007 /* AuthService.swift */,
				AA000100000000000000008 /* WeatherService.swift */,
				AA000100000000000000009 /* StorageService.swift */,
			);
			path = Services;
			sourceTree = "<group>";
		};
		AA000400000000000000012 /* Constants */ = {
			isa = PBXGroup;
			children = (
				AA000100000000000000006 /* AppConstants.swift */,
			);
			path = Constants;
			sourceTree = "<group>";
		};
		AA000400000000000000014 /* Products */ = {
			isa = PBXGroup;
			children = (
				AA0009000000000000000A1 /* CrownBeesApp.app */,
			);
			name = Products;
			sourceTree = "<group>";
		};
/* End PBXGroup section */

/* Begin PBXNativeTarget section */
		AA000900000000000000001 /* CrownBeesApp */ = {
			isa = PBXNativeTarget;
			buildConfigurationList = AA000700000000000000002 /* Build configuration list for PBXNativeTarget "CrownBeesApp" */;
			buildPhases = (
				AA000500000000000000001 /* Sources */,
				AA000500000000000000003 /* Frameworks */,
				AA000500000000000000002 /* Resources */,
			);
			buildRules = (
			);
			dependencies = (
			);
			name = CrownBeesApp;
			productName = CrownBeesApp;
			productReference = AA0009000000000000000A1 /* CrownBeesApp.app */;
			productType = "com.apple.product-type.application";
		};
/* End PBXNativeTarget section */

/* Begin PBXProject section */
		AA000800000000000000001 /* Project object */ = {
			isa = PBXProject;
			attributes = {
				BuildIndependentTargetsInParallel = 1;
				LastSwiftUpdateCheck = 1500;
				LastUpgradeCheck = 1500;
				TargetAttributes = {
					AA000900000000000000001 = {
						CreatedOnToolsVersion = 15.0;
					};
				};
			};
			buildConfigurationList = AA000700000000000000001 /* Build configuration list for PBXProject "CrownBeesApp" */;
			compatibilityVersion = "Xcode 14.0";
			developmentRegion = en;
			hasScannedForEncodings = 0;
			knownRegions = (
				en,
				Base,
			);
			mainGroup = AA000400000000000000001;
			productRefGroup = AA000400000000000000014 /* Products */;
			projectDirPath = "";
			projectRoot = "";
			targets = (
				AA000900000000000000001 /* CrownBeesApp */,
			);
		};
/* End PBXProject section */

/* Begin PBXResourcesBuildPhase section */
		AA000500000000000000002 /* Resources */ = {
			isa = PBXResourcesBuildPhase;
			buildActionMask = 2147483647;
			files = (
				AA000200000000000000017 /* Assets.xcassets in Resources */,
			);
			runOnlyForDeploymentPostprocessing = 0;
		};
/* End PBXResourcesBuildPhase section */

/* Begin PBXSourcesBuildPhase section */
		AA000500000000000000001 /* Sources */ = {
			isa = PBXSourcesBuildPhase;
			buildActionMask = 2147483647;
			files = (
				AA000200000000000000001 /* CrownBeesAppApp.swift in Sources */,
				AA000200000000000000002 /* ContentView.swift in Sources */,
				AA000200000000000000003 /* User.swift in Sources */,
				AA000200000000000000004 /* JournalEntry.swift in Sources */,
				AA000200000000000000005 /* WeatherData.swift in Sources */,
				AA000200000000000000006 /* AppConstants.swift in Sources */,
				AA000200000000000000007 /* AuthService.swift in Sources */,
				AA000200000000000000008 /* WeatherService.swift in Sources */,
				AA000200000000000000009 /* StorageService.swift in Sources */,
				AA00020000000000000000A /* LoginView.swift in Sources */,
				AA00020000000000000000B /* RegisterView.swift in Sources */,
				AA00020000000000000000C /* SideMenuView.swift in Sources */,
				AA00020000000000000000D /* MenuButton.swift in Sources */,
				AA00020000000000000000E /* MainAppView.swift in Sources */,
				AA00020000000000000000F /* HomeView.swift in Sources */,
				AA000200000000000000010 /* WeatherView.swift in Sources */,
				AA000200000000000000011 /* JournalView.swift in Sources */,
				AA000200000000000000012 /* ReleaseLogView.swift in Sources */,
				AA000200000000000000013 /* HarvestLogView.swift in Sources */,
				AA000200000000000000014 /* PestLogView.swift in Sources */,
				AA000200000000000000015 /* ResourcesView.swift in Sources */,
			);
			runOnlyForDeploymentPostprocessing = 0;
		};
/* End PBXSourcesBuildPhase section */

/* Begin XCBuildConfiguration section */
		AA000600000000000000001 /* Debug */ = {
			isa = XCBuildConfiguration;
			buildSettings = {
				ALWAYS_SEARCH_USER_PATHS = NO;
				ASSET_CATALOG_COMPILER_OPTIMIZATION = space;
				CLANG_ANALYZER_NONNULL = YES;
				CLANG_ANALYZER_NUMBER_OBJECT_CONVERSION = YES_AGGRESSIVE;
				CLANG_CXX_LANGUAGE_STANDARD = "gnu++20";
				CLANG_ENABLE_MODULES = YES;
				CLANG_ENABLE_OBJC_ARC = YES;
				CLANG_ENABLE_OBJC_WEAK = YES;
				CLANG_WARN_BLOCK_CAPTURE_AUTORELEASING = YES;
				CLANG_WARN_BOOL_CONVERSION = YES;
				CLANG_WARN_COMMA = YES;
				CLANG_WARN_CONSTANT_CONVERSION = YES;
				CLANG_WARN_DEPRECATED_OBJC_IMPLEMENTATIONS = YES;
				CLANG_WARN_DIRECT_OBJC_ISA_USAGE = YES_ERROR;
				CLANG_WARN_DOCUMENTATION_COMMENTS = YES;
				CLANG_WARN_EMPTY_BODY = YES;
				CLANG_WARN_ENUM_CONVERSION = YES;
				CLANG_WARN_INFINITE_RECURSION = YES;
				CLANG_WARN_INT_CONVERSION = YES;
				CLANG_WARN_NON_LITERAL_NULL_CONVERSION = YES;
				CLANG_WARN_OBJC_IMPLICIT_RETAIN_SELF = YES;
				CLANG_WARN_OBJC_LITERAL_CONVERSION = YES;
				CLANG_WARN_OBJC_ROOT_CLASS = YES_ERROR;
				CLANG_WARN_QUOTED_INCLUDE_IN_FRAMEWORK_HEADER = YES;
				CLANG_WARN_RANGE_LOOP_ANALYSIS = YES;
				CLANG_WARN_STRICT_PROTOTYPES = YES;
				CLANG_WARN_SUSPICIOUS_MOVE = YES;
				CLANG_WARN_UNGUARDED_AVAILABILITY = YES_AGGRESSIVE;
				CLANG_WARN_UNREACHABLE_CODE = YES;
				CLANG_WARN__DUPLICATE_METHOD_MATCH = YES;
				COPY_PHASE_STRIP = NO;
				DEBUG_INFORMATION_FORMAT = dwarf;
				ENABLE_STRICT_OBJC_MSGSEND = YES;
				ENABLE_TESTABILITY = YES;
				ENABLE_USER_SCRIPT_SANDBOXING = YES;
				GCC_C_LANGUAGE_STANDARD = gnu17;
				GCC_DYNAMIC_NO_PIC = NO;
				GCC_NO_COMMON_BLOCKS = YES;
				GCC_OPTIMIZATION_LEVEL = 0;
				GCC_PREPROCESSOR_DEFINITIONS = (
					"DEBUG=1",
					"$(inherited)",
				);
				GCC_WARN_64_TO_32_BIT_CONVERSION = YES;
				GCC_WARN_ABOUT_RETURN_TYPE = YES_ERROR;
				GCC_WARN_UNDECLARED_SELECTOR = YES;
				GCC_WARN_UNINITIALIZED_AUTOS = YES_AGGRESSIVE;
				GCC_WARN_UNUSED_FUNCTION = YES;
				GCC_WARN_UNUSED_VARIABLE = YES;
				IPHONEOS_DEPLOYMENT_TARGET = 16.0;
				MTL_ENABLE_DEBUG_INFO = INCLUDE_SOURCE;
				MTL_FAST_MATH = YES;
				ONLY_ACTIVE_ARCH = YES;
				SDKROOT = iphoneos;
				SWIFT_ACTIVE_COMPILATION_CONDITIONS = DEBUG;
				SWIFT_OPTIMIZATION_LEVEL = "-Onone";
			};
			name = Debug;
		};
		AA000600000000000000002 /* Release */ = {
			isa = XCBuildConfiguration;
			buildSettings = {
				ALWAYS_SEARCH_USER_PATHS = NO;
				ASSET_CATALOG_COMPILER_OPTIMIZATION = space;
				CLANG_ANALYZER_NONNULL = YES;
				CLANG_ANALYZER_NUMBER_OBJECT_CONVERSION = YES_AGGRESSIVE;
				CLANG_CXX_LANGUAGE_STANDARD = "gnu++20";
				CLANG_ENABLE_MODULES = YES;
				CLANG_ENABLE_OBJC_ARC = YES;
				CLANG_ENABLE_OBJC_WEAK = YES;
				CLANG_WARN_BLOCK_CAPTURE_AUTORELEASING = YES;
				CLANG_WARN_BOOL_CONVERSION = YES;
				CLANG_WARN_COMMA = YES;
				CLANG_WARN_CONSTANT_CONVERSION = YES;
				CLANG_WARN_DEPRECATED_OBJC_IMPLEMENTATIONS = YES;
				CLANG_WARN_DIRECT_OBJC_ISA_USAGE = YES_ERROR;
				CLANG_WARN_DOCUMENTATION_COMMENTS = YES;
				CLANG_WARN_EMPTY_BODY = YES;
				CLANG_WARN_ENUM_CONVERSION = YES;
				CLANG_WARN_INFINITE_RECURSION = YES;
				CLANG_WARN_INT_CONVERSION = YES;
				CLANG_WARN_NON_LITERAL_NULL_CONVERSION = YES;
				CLANG_WARN_OBJC_IMPLICIT_RETAIN_SELF = YES;
				CLANG_WARN_OBJC_LITERAL_CONVERSION = YES;
				CLANG_WARN_OBJC_ROOT_CLASS = YES_ERROR;
				CLANG_WARN_QUOTED_INCLUDE_IN_FRAMEWORK_HEADER = YES;
				CLANG_WARN_RANGE_LOOP_ANALYSIS = YES;
				CLANG_WARN_STRICT_PROTOTYPES = YES;
				CLANG_WARN_SUSPICIOUS_MOVE = YES;
				CLANG_WARN_UNGUARDED_AVAILABILITY = YES_AGGRESSIVE;
				CLANG_WARN_UNREACHABLE_CODE = YES;
				CLANG_WARN__DUPLICATE_METHOD_MATCH = YES;
				COPY_PHASE_STRIP = NO;
				DEBUG_INFORMATION_FORMAT = "dwarf-with-dsym";
				ENABLE_NS_ASSERTIONS = NO;
				ENABLE_STRICT_OBJC_MSGSEND = YES;
				ENABLE_USER_SCRIPT_SANDBOXING = YES;
				GCC_C_LANGUAGE_STANDARD = gnu17;
				GCC_NO_COMMON_BLOCKS = YES;
				GCC_WARN_64_TO_32_BIT_CONVERSION = YES;
				GCC_WARN_ABOUT_RETURN_TYPE = YES_ERROR;
				GCC_WARN_UNDECLARED_SELECTOR = YES;
				GCC_WARN_UNINITIALIZED_AUTOS = YES_AGGRESSIVE;
				GCC_WARN_UNUSED_FUNCTION = YES;
				GCC_WARN_UNUSED_VARIABLE = YES;
				IPHONEOS_DEPLOYMENT_TARGET = 16.0;
				MTL_FAST_MATH = YES;
				SDKROOT = iphoneos;
				SWIFT_COMPILATION_MODE = wholemodule;
				SWIFT_OPTIMIZATION_LEVEL = "-O";
				VALIDATE_PRODUCT = YES;
			};
			name = Release;
		};
		AA000600000000000000003 /* Debug */ = {
			isa = XCBuildConfiguration;
			buildSettings = {
				ASSTET_CATALOG_COMPILER_APPICON_NAME = AppIcon;
				ASSET_CATALOG_COMPILER_APPICON_NAME = AppIcon;
				ASSET_CATALOG_COMPILER_GLOBAL_ACCENT_COLOR_NAME = AccentColor;
				CODE_SIGN_STYLE = Automatic;
				CURRENT_PROJECT_VERSION = 1;
				ENABLE_PREVIEWS = YES;
				GENERATE_INFOPLIST_FILE = NO;
				INFOPLIST_FILE = CrownBeesApp/Info.plist;
				IPHONEOS_DEPLOYMENT_TARGET = 16.0;

				MARKETING_VERSION = 1.0;
				PRODUCT_BUNDLE_IDENTIFIER = com.crownbees.CrownBeesApp;
				PRODUCT_NAME = "$(TARGET_NAME)";
				SDKROOT = iphoneos;
				SUPPORTED_PLATFORMS = "iphonesimulator iphoneos";
				SWIFT_EMIT_LOC_STRINGS = YES;
				SWIFT_VERSION = 5.0;
				TARGETED_DEVICE_FAMILY = "1,2";
			};
			name = Debug;
		};
		AA000600000000000000004 /* Release */ = {
			isa = XCBuildConfiguration;
			buildSettings = {
				ASSET_CATALOG_COMPILER_APPICON_NAME = AppIcon;
				ASSET_CATALOG_COMPILER_GLOBAL_ACCENT_COLOR_NAME = AccentColor;
				CODE_SIGN_STYLE = Automatic;
				CURRENT_PROJECT_VERSION = 1;
				ENABLE_PREVIEWS = YES;
				GENERATE_INFOPLIST_FILE = NO;
				INFOPLIST_FILE = CrownBeesApp/Info.plist;
				IPHONEOS_DEPLOYMENT_TARGET = 16.0;
				MARKETING_VERSION = 1.0;
				PRODUCT_BUNDLE_IDENTIFIER = com.crownbees.CrownBeesApp;
				PRODUCT_NAME = "$(TARGET_NAME)";
				SDKROOT = iphoneos;
				SUPPORTED_PLATFORMS = "iphonesimulator iphoneos";
				SWIFT_EMIT_LOC_STRINGS = YES;
				SWIFT_VERSION = 5.0;
				TARGETED_DEVICE_FAMILY = "1,2";
			};
			name = Release;
		};
/* End XCBuildConfiguration section */

/* Begin XCConfigurationList section */
		AA000700000000000000001 /* Build configuration list for PBXProject "CrownBeesApp" */ = {
			isa = XCConfigurationList;
			buildConfigurations = (
				AA000600000000000000001 /* Debug */,
				AA000600000000000000002 /* Release */,
			);
			defaultConfigurationIsVisible = 0;
			defaultConfigurationName = Release;
		};
		AA000700000000000000002 /* Build configuration list for PBXNativeTarget "CrownBeesApp" */ = {
			isa = XCConfigurationList;
			buildConfigurations = (
				AA000600000000000000003 /* Debug */,
				AA000600000000000000004 /* Release */,
			);
			defaultConfigurationIsVisible = 0;
			defaultConfigurationName = Release;
		};
/* End XCConfigurationList section */

	};
	rootObject = AA000800000000000000001 /* Project object */;
}
